
Microsoft Visual Studio Solution File, Format Version 12.00
# Visual Studio Version 17
VisualStudioVersion = 17.8.34316.72
MinimumVisualStudioVersion = 10.0.40219.1
Project("{9A19103F-16F7-4668-BE54-9A1E7A4F7556}") = "ModbusDemo", "ModbusDemo.csproj", "{E2055B21-8360-4F6B-85F7-40F6B4E54E2C}"
EndProject
Project("{FAE04EC0-301F-11D3-BF4B-00C04F79EFBC}") = "DAL", "..\DAL\DAL.csproj", "{589DCC4E-42D6-4950-84C1-3618E394DDEF}"
EndProject
Global
	GlobalSection(SolutionConfigurationPlatforms) = preSolution
		Debug|Any CPU = Debug|Any CPU
		Release|Any CPU = Release|Any CPU
	EndGlobalSection
	GlobalSection(ProjectConfigurationPlatforms) = postSolution
		{E2055B21-8360-4F6B-85F7-40F6B4E54E2C}.Debug|Any CPU.ActiveCfg = Debug|Any CPU
		{E2055B21-8360-4F6B-85F7-40F6B4E54E2C}.Debug|Any CPU.Build.0 = Debug|Any CPU
		{E2055B21-8360-4F6B-85F7-40F6B4E54E2C}.Release|Any CPU.ActiveCfg = Release|Any CPU
		{E2055B21-8360-4F6B-85F7-40F6B4E54E2C}.Release|Any CPU.Build.0 = Release|Any CPU
		{589DCC4E-42D6-4950-84C1-3618E394DDEF}.Debug|Any CPU.ActiveCfg = Debug|Any CPU
		{589DCC4E-42D6-4950-84C1-3618E394DDEF}.Debug|Any CPU.Build.0 = Debug|Any CPU
		{589DCC4E-42D6-4950-84C1-3618E394DDEF}.Release|Any CPU.ActiveCfg = Release|Any CPU
		{589DCC4E-42D6-4950-84C1-3618E394DDEF}.Release|Any CPU.Build.0 = Release|Any CPU
	EndGlobalSection
	GlobalSection(SolutionProperties) = preSolution
		HideSolutionNode = FALSE
	EndGlobalSection
	GlobalSection(ExtensibilityGlobals) = postSolution
		SolutionGuid = {7D337F71-9618-46FF-B773-F948AC4C05E7}
	EndGlobalSection
EndGlobal
